
Microsoft Visual Studio Solution File, Format Version 12.00
# Visual Studio Version 17
VisualStudioVersion = 17.9.34902.65
MinimumVisualStudioVersion = 10.0.40219.1
Project("{888888A0-9F3D-457C-B088-3A5042F75D52}") = "PythonApplicationcolor", "PythonApplicationcolor.pyproj", "{F765D002-BC8F-4AFC-82A3-3F81846946E3}"
EndProject
Global
	GlobalSection(SolutionConfigurationPlatforms) = preSolution
		Debug|Any CPU = Debug|Any CPU
		Release|Any CPU = Release|Any CPU
	EndGlobalSection
	GlobalSection(ProjectConfigurationPlatforms) = postSolution
		{F765D002-BC8F-4AFC-82A3-3F81846946E3}.Debug|Any CPU.ActiveCfg = Debug|Any CPU
		{F765D002-BC8F-4AFC-82A3-3F81846946E3}.Release|Any CPU.ActiveCfg = Release|Any CPU
	EndGlobalSection
	GlobalSection(SolutionProperties) = preSolution
		HideSolutionNode = FALSE
	EndGlobalSection
	GlobalSection(ExtensibilityGlobals) = postSolution
		SolutionGuid = {D0C84548-0C57-4102-B0CD-0AE0F37691A6}
	EndGlobalSection
EndGlobal
