
Microsoft Visual Studio Solution File, Format Version 12.00
# Visual Studio Version 17
VisualStudioVersion = 17.9.34902.65
MinimumVisualStudioVersion = 10.0.40219.1
Project("{888888A0-9F3D-457C-B088-3A5042F75D52}") = "PythonApplicationpiele", "PythonApplicationpiele.pyproj", "{3B196ADD-DA99-4CD1-A129-F36891E08A56}"
EndProject
Global
	GlobalSection(SolutionConfigurationPlatforms) = preSolution
		Debug|Any CPU = Debug|Any CPU
		Release|Any CPU = Release|Any CPU
	EndGlobalSection
	GlobalSection(ProjectConfigurationPlatforms) = postSolution
		{3B196ADD-DA99-4CD1-A129-F36891E08A56}.Debug|Any CPU.ActiveCfg = Debug|Any CPU
		{3B196ADD-DA99-4CD1-A129-F36891E08A56}.Release|Any CPU.ActiveCfg = Release|Any CPU
	EndGlobalSection
	GlobalSection(SolutionProperties) = preSolution
		HideSolutionNode = FALSE
	EndGlobalSection
	GlobalSection(ExtensibilityGlobals) = postSolution
		SolutionGuid = {5F4250C3-CE8C-49C4-8A43-40BDD4AD6837}
	EndGlobalSection
EndGlobal
